
Microsoft Visual Studio Solution File, Format Version 12.00
# Visual Studio Version 17
VisualStudioVersion = 17.11.35222.181
MinimumVisualStudioVersion = 10.0.40219.1
Project("{9A19103F-16F7-4668-BE54-9A1E7A4F7556}") = "DeliveryManager", "DeliveryManager\DeliveryManager.csproj", "{5D09836F-BB06-418C-9D60-DE88A497AB6B}"
EndProject
Project("{FAE04EC0-301F-11D3-BF4B-00C04F79EFBC}") = "DeliveryManagerTest", "DeliveryManagerTest\DeliveryManagerTest.csproj", "{886BE2C3-D1A0-4BFD-8310-8D9E31D1FB0D}"
EndProject
Global
	GlobalSection(SolutionConfigurationPlatforms) = preSolution
		Debug|Any CPU = Debug|Any CPU
		Release|Any CPU = Release|Any CPU
	EndGlobalSection
	GlobalSection(ProjectConfigurationPlatforms) = postSolution
		{5D09836F-BB06-418C-9D60-DE88A497AB6B}.Debug|Any CPU.ActiveCfg = Debug|Any CPU
		{5D09836F-BB06-418C-9D60-DE88A497AB6B}.Debug|Any CPU.Build.0 = Debug|Any CPU
		{5D09836F-BB06-418C-9D60-DE88A497AB6B}.Release|Any CPU.ActiveCfg = Release|Any CPU
		{5D09836F-BB06-418C-9D60-DE88A497AB6B}.Release|Any CPU.Build.0 = Release|Any CPU
		{886BE2C3-D1A0-4BFD-8310-8D9E31D1FB0D}.Debug|Any CPU.ActiveCfg = Debug|Any CPU
		{886BE2C3-D1A0-4BFD-8310-8D9E31D1FB0D}.Debug|Any CPU.Build.0 = Debug|Any CPU
		{886BE2C3-D1A0-4BFD-8310-8D9E31D1FB0D}.Release|Any CPU.ActiveCfg = Release|Any CPU
		{886BE2C3-D1A0-4BFD-8310-8D9E31D1FB0D}.Release|Any CPU.Build.0 = Release|Any CPU
	EndGlobalSection
	GlobalSection(SolutionProperties) = preSolution
		HideSolutionNode = FALSE
	EndGlobalSection
	GlobalSection(ExtensibilityGlobals) = postSolution
		SolutionGuid = {C9CB05BD-81E8-4C84-8C19-46EEFF84F6FE}
	EndGlobalSection
EndGlobal
